
Microsoft Visual Studio Solution File, Format Version 12.00
# Visual Studio Version 17
VisualStudioVersion = 17.2.32630.192
MinimumVisualStudioVersion = 10.0.40219.1
Project("{FAE04EC0-301F-11D3-BF4B-00C04F79EFBC}") = "Boxes Store app", "Boxes Store app\Boxes Store app.csproj", "{5F28EF8F-407F-49D8-81A1-F4FA9573BC12}"
EndProject
Project("{FAE04EC0-301F-11D3-BF4B-00C04F79EFBC}") = "DataStructure", "DataStructure\DataStructure.csproj", "{63BD543B-B577-465A-A844-5683B9CE20AF}"
EndProject
Project("{FAE04EC0-301F-11D3-BF4B-00C04F79EFBC}") = "Model", "Model\Model.csproj", "{45B8A4F7-1C38-48CE-97A1-197EABCCD375}"
EndProject
Project("{FAE04EC0-301F-11D3-BF4B-00C04F79EFBC}") = "View Model", "View Model\View Model.csproj", "{8D86243D-3E09-4352-B937-9609807311E5}"
EndProject
Global
	GlobalSection(SolutionConfigurationPlatforms) = preSolution
		Debug|Any CPU = Debug|Any CPU
		Debug|ARM = Debug|ARM
		Debug|ARM64 = Debug|ARM64
		Debug|x64 = Debug|x64
		Debug|x86 = Debug|x86
		Release|Any CPU = Release|Any CPU
		Release|ARM = Release|ARM
		Release|ARM64 = Release|ARM64
		Release|x64 = Release|x64
		Release|x86 = Release|x86
	EndGlobalSection
	GlobalSection(ProjectConfigurationPlatforms) = postSolution
		{5F28EF8F-407F-49D8-81A1-F4FA9573BC12}.Debug|Any CPU.ActiveCfg = Debug|x64
		{5F28EF8F-407F-49D8-81A1-F4FA9573BC12}.Debug|Any CPU.Build.0 = Debug|x64
		{5F28EF8F-407F-49D8-81A1-F4FA9573BC12}.Debug|Any CPU.Deploy.0 = Debug|x64
		{5F28EF8F-407F-49D8-81A1-F4FA9573BC12}.Debug|ARM.ActiveCfg = Debug|ARM
		{5F28EF8F-407F-49D8-81A1-F4FA9573BC12}.Debug|ARM.Build.0 = Debug|ARM
		{5F28EF8F-407F-49D8-81A1-F4FA9573BC12}.Debug|ARM.Deploy.0 = Debug|ARM
		{5F28EF8F-407F-49D8-81A1-F4FA9573BC12}.Debug|ARM64.ActiveCfg = Debug|ARM64
		{5F28EF8F-407F-49D8-81A1-F4FA9573BC12}.Debug|ARM64.Build.0 = Debug|ARM64
		{5F28EF8F-407F-49D8-81A1-F4FA9573BC12}.Debug|ARM64.Deploy.0 = Debug|ARM64
		{5F28EF8F-407F-49D8-81A1-F4FA9573BC12}.Debug|x64.ActiveCfg = Debug|x64
		{5F28EF8F-407F-49D8-81A1-F4FA9573BC12}.Debug|x64.Build.0 = Debug|x64
		{5F28EF8F-407F-49D8-81A1-F4FA9573BC12}.Debug|x64.Deploy.0 = Debug|x64
		{5F28EF8F-407F-49D8-81A1-F4FA9573BC12}.Debug|x86.ActiveCfg = Debug|x86
		{5F28EF8F-407F-49D8-81A1-F4FA9573BC12}.Debug|x86.Build.0 = Debug|x86
		{5F28EF8F-407F-49D8-81A1-F4FA9573BC12}.Debug|x86.Deploy.0 = Debug|x86
		{5F28EF8F-407F-49D8-81A1-F4FA9573BC12}.Release|Any CPU.ActiveCfg = Release|x64
		{5F28EF8F-407F-49D8-81A1-F4FA9573BC12}.Release|Any CPU.Build.0 = Release|x64
		{5F28EF8F-407F-49D8-81A1-F4FA9573BC12}.Release|Any CPU.Deploy.0 = Release|x64
		{5F28EF8F-407F-49D8-81A1-F4FA9573BC12}.Release|ARM.ActiveCfg = Release|ARM
		{5F28EF8F-407F-49D8-81A1-F4FA9573BC12}.Release|ARM.Build.0 = Release|ARM
		{5F28EF8F-407F-49D8-81A1-F4FA9573BC12}.Release|ARM.Deploy.0 = Release|ARM
		{5F28EF8F-407F-49D8-81A1-F4FA9573BC12}.Release|ARM64.ActiveCfg = Release|ARM64
		{5F28EF8F-407F-49D8-81A1-F4FA9573BC12}.Release|ARM64.Build.0 = Release|ARM64
		{5F28EF8F-407F-49D8-81A1-F4FA9573BC12}.Release|ARM64.Deploy.0 = Release|ARM64
		{5F28EF8F-407F-49D8-81A1-F4FA9573BC12}.Release|x64.ActiveCfg = Release|x64
		{5F28EF8F-407F-49D8-81A1-F4FA9573BC12}.Release|x64.Build.0 = Release|x64
		{5F28EF8F-407F-49D8-81A1-F4FA9573BC12}.Release|x64.Deploy.0 = Release|x64
		{5F28EF8F-407F-49D8-81A1-F4FA9573BC12}.Release|x86.ActiveCfg = Release|x86
		{5F28EF8F-407F-49D8-81A1-F4FA9573BC12}.Release|x86.Build.0 = Release|x86
		{5F28EF8F-407F-49D8-81A1-F4FA9573BC12}.Release|x86.Deploy.0 = Release|x86
		{63BD543B-B577-465A-A844-5683B9CE20AF}.Debug|Any CPU.ActiveCfg = Debug|Any CPU
		{63BD543B-B577-465A-A844-5683B9CE20AF}.Debug|Any CPU.Build.0 = Debug|Any CPU
		{63BD543B-B577-465A-A844-5683B9CE20AF}.Debug|ARM.ActiveCfg = Debug|ARM
		{63BD543B-B577-465A-A844-5683B9CE20AF}.Debug|ARM.Build.0 = Debug|ARM
		{63BD543B-B577-465A-A844-5683B9CE20AF}.Debug|ARM64.ActiveCfg = Debug|ARM64
		{63BD543B-B577-465A-A844-5683B9CE20AF}.Debug|ARM64.Build.0 = Debug|ARM64
		{63BD543B-B577-465A-A844-5683B9CE20AF}.Debug|x64.ActiveCfg = Debug|x64
		{63BD543B-B577-465A-A844-5683B9CE20AF}.Debug|x64.Build.0 = Debug|x64
		{63BD543B-B577-465A-A844-5683B9CE20AF}.Debug|x86.ActiveCfg = Debug|x86
		{63BD543B-B577-465A-A844-5683B9CE20AF}.Debug|x86.Build.0 = Debug|x86
		{63BD543B-B577-465A-A844-5683B9CE20AF}.Release|Any CPU.ActiveCfg = Release|Any CPU
		{63BD543B-B577-465A-A844-5683B9CE20AF}.Release|Any CPU.Build.0 = Release|Any CPU
		{63BD543B-B577-465A-A844-5683B9CE20AF}.Release|ARM.ActiveCfg = Release|ARM
		{63BD543B-B577-465A-A844-5683B9CE20AF}.Release|ARM.Build.0 = Release|ARM
		{63BD543B-B577-465A-A844-5683B9CE20AF}.Release|ARM64.ActiveCfg = Release|ARM64
		{63BD543B-B577-465A-A844-5683B9CE20AF}.Release|ARM64.Build.0 = Release|ARM64
		{63BD543B-B577-465A-A844-5683B9CE20AF}.Release|x64.ActiveCfg = Release|x64
		{63BD543B-B577-465A-A844-5683B9CE20AF}.Release|x64.Build.0 = Release|x64
		{63BD543B-B577-465A-A844-5683B9CE20AF}.Release|x86.ActiveCfg = Release|x86
		{63BD543B-B577-465A-A844-5683B9CE20AF}.Release|x86.Build.0 = Release|x86
		{45B8A4F7-1C38-48CE-97A1-197EABCCD375}.Debug|Any CPU.ActiveCfg = Debug|Any CPU
		{45B8A4F7-1C38-48CE-97A1-197EABCCD375}.Debug|Any CPU.Build.0 = Debug|Any CPU
		{45B8A4F7-1C38-48CE-97A1-197EABCCD375}.Debug|ARM.ActiveCfg = Debug|ARM
		{45B8A4F7-1C38-48CE-97A1-197EABCCD375}.Debug|ARM.Build.0 = Debug|ARM
		{45B8A4F7-1C38-48CE-97A1-197EABCCD375}.Debug|ARM64.ActiveCfg = Debug|ARM64
		{45B8A4F7-1C38-48CE-97A1-197EABCCD375}.Debug|ARM64.Build.0 = Debug|ARM64
		{45B8A4F7-1C38-48CE-97A1-197EABCCD375}.Debug|x64.ActiveCfg = Debug|x64
		{45B8A4F7-1C38-48CE-97A1-197EABCCD375}.Debug|x64.Build.0 = Debug|x64
		{45B8A4F7-1C38-48CE-97A1-197EABCCD375}.Debug|x86.ActiveCfg = Debug|x86
		{45B8A4F7-1C38-48CE-97A1-197EABCCD375}.Debug|x86.Build.0 = Debug|x86
		{45B8A4F7-1C38-48CE-97A1-197EABCCD375}.Release|Any CPU.ActiveCfg = Release|Any CPU
		{45B8A4F7-1C38-48CE-97A1-197EABCCD375}.Release|Any CPU.Build.0 = Release|Any CPU
		{45B8A4F7-1C38-48CE-97A1-197EABCCD375}.Release|ARM.ActiveCfg = Release|ARM
		{45B8A4F7-1C38-48CE-97A1-197EABCCD375}.Release|ARM.Build.0 = Release|ARM
		{45B8A4F7-1C38-48CE-97A1-197EABCCD375}.Release|ARM64.ActiveCfg = Release|ARM64
		{45B8A4F7-1C38-48CE-97A1-197EABCCD375}.Release|ARM64.Build.0 = Release|ARM64
		{45B8A4F7-1C38-48CE-97A1-197EABCCD375}.Release|x64.ActiveCfg = Release|x64
		{45B8A4F7-1C38-48CE-97A1-197EABCCD375}.Release|x64.Build.0 = Release|x64
		{45B8A4F7-1C38-48CE-97A1-197EABCCD375}.Release|x86.ActiveCfg = Release|x86
		{45B8A4F7-1C38-48CE-97A1-197EABCCD375}.Release|x86.Build.0 = Release|x86
		{8D86243D-3E09-4352-B937-9609807311E5}.Debug|Any CPU.ActiveCfg = Debug|Any CPU
		{8D86243D-3E09-4352-B937-9609807311E5}.Debug|Any CPU.Build.0 = Debug|Any CPU
		{8D86243D-3E09-4352-B937-9609807311E5}.Debug|ARM.ActiveCfg = Debug|ARM
		{8D86243D-3E09-4352-B937-9609807311E5}.Debug|ARM.Build.0 = Debug|ARM
		{8D86243D-3E09-4352-B937-9609807311E5}.Debug|ARM64.ActiveCfg = Debug|ARM64
		{8D86243D-3E09-4352-B937-9609807311E5}.Debug|ARM64.Build.0 = Debug|ARM64
		{8D86243D-3E09-4352-B937-9609807311E5}.Debug|x64.ActiveCfg = Debug|x64
		{8D86243D-3E09-4352-B937-9609807311E5}.Debug|x64.Build.0 = Debug|x64
		{8D86243D-3E09-4352-B937-9609807311E5}.Debug|x86.ActiveCfg = Debug|x86
		{8D86243D-3E09-4352-B937-9609807311E5}.Debug|x86.Build.0 = Debug|x86
		{8D86243D-3E09-4352-B937-9609807311E5}.Release|Any CPU.ActiveCfg = Release|Any CPU
		{8D86243D-3E09-4352-B937-9609807311E5}.Release|Any CPU.Build.0 = Release|Any CPU
		{8D86243D-3E09-4352-B937-9609807311E5}.Release|ARM.ActiveCfg = Release|ARM
		{8D86243D-3E09-4352-B937-9609807311E5}.Release|ARM.Build.0 = Release|ARM
		{8D86243D-3E09-4352-B937-9609807311E5}.Release|ARM64.ActiveCfg = Release|ARM64
		{8D86243D-3E09-4352-B937-9609807311E5}.Release|ARM64.Build.0 = Release|ARM64
		{8D86243D-3E09-4352-B937-9609807311E5}.Release|x64.ActiveCfg = Release|x64
		{8D86243D-3E09-4352-B937-9609807311E5}.Release|x64.Build.0 = Release|x64
		{8D86243D-3E09-4352-B937-9609807311E5}.Release|x86.ActiveCfg = Release|x86
		{8D86243D-3E09-4352-B937-9609807311E5}.Release|x86.Build.0 = Release|x86
	EndGlobalSection
	GlobalSection(SolutionProperties) = preSolution
		HideSolutionNode = FALSE
	EndGlobalSection
	GlobalSection(ExtensibilityGlobals) = postSolution
		SolutionGuid = {8107B793-5451-4AAD-8FE8-9F568F4A6F5A}
	EndGlobalSection
EndGlobal
